
Microsoft Visual Studio Solution File, Format Version 12.00
# Visual Studio Version 17
VisualStudioVersion = 17.0.32112.339
MinimumVisualStudioVersion = 10.0.40219.1
Project("{FAE04EC0-301F-11D3-BF4B-00C04F79EFBC}") = "HelloWorld", "HelloWorld\HelloWorld.csproj", "{38CA48C6-BB7B-4DAA-8E54-05B507FAE222}"
EndProject
Global
	GlobalSection(SolutionConfigurationPlatforms) = preSolution
		Debug|Any CPU = Debug|Any CPU
		Release|Any CPU = Release|Any CPU
	EndGlobalSection
	GlobalSection(ProjectConfigurationPlatforms) = postSolution
		{38CA48C6-BB7B-4DAA-8E54-05B507FAE222}.Debug|Any CPU.ActiveCfg = Debug|Any CPU
		{38CA48C6-BB7B-4DAA-8E54-05B507FAE222}.Debug|Any CPU.Build.0 = Debug|Any CPU
		{38CA48C6-BB7B-4DAA-8E54-05B507FAE222}.Release|Any CPU.ActiveCfg = Release|Any CPU
		{38CA48C6-BB7B-4DAA-8E54-05B507FAE222}.Release|Any CPU.Build.0 = Release|Any CPU
	EndGlobalSection
	GlobalSection(SolutionProperties) = preSolution
		HideSolutionNode = FALSE
	EndGlobalSection
	GlobalSection(ExtensibilityGlobals) = postSolution
		SolutionGuid = {2EA7CE9D-CEC2-4EAD-8D61-5E4A9992DF95}
	EndGlobalSection
EndGlobal
